
Microsoft Visual Studio Solution File, Format Version 12.00
# Visual Studio Version 17
VisualStudioVersion = 17.1.32228.430
MinimumVisualStudioVersion = 10.0.40219.1
Project("{FAE04EC0-301F-11D3-BF4B-00C04F79EFBC}") = "TestProject1", "TestProject1\TestProject1.csproj", "{C054F7BE-2660-461D-9B12-F3D6F10C53E1}"
EndProject
Project("{FAE04EC0-301F-11D3-BF4B-00C04F79EFBC}") = "ConsoleApp1", "ConsoleApp1\ConsoleApp1.csproj", "{B571CA6C-4E46-4422-9A7F-F0E353CCCBBB}"
EndProject
Global
	GlobalSection(SolutionConfigurationPlatforms) = preSolution
		Debug|Any CPU = Debug|Any CPU
		Release|Any CPU = Release|Any CPU
	EndGlobalSection
	GlobalSection(ProjectConfigurationPlatforms) = postSolution
		{C054F7BE-2660-461D-9B12-F3D6F10C53E1}.Debug|Any CPU.ActiveCfg = Debug|Any CPU
		{C054F7BE-2660-461D-9B12-F3D6F10C53E1}.Debug|Any CPU.Build.0 = Debug|Any CPU
		{C054F7BE-2660-461D-9B12-F3D6F10C53E1}.Release|Any CPU.ActiveCfg = Release|Any CPU
		{C054F7BE-2660-461D-9B12-F3D6F10C53E1}.Release|Any CPU.Build.0 = Release|Any CPU
		{B571CA6C-4E46-4422-9A7F-F0E353CCCBBB}.Debug|Any CPU.ActiveCfg = Debug|Any CPU
		{B571CA6C-4E46-4422-9A7F-F0E353CCCBBB}.Debug|Any CPU.Build.0 = Debug|Any CPU
		{B571CA6C-4E46-4422-9A7F-F0E353CCCBBB}.Release|Any CPU.ActiveCfg = Release|Any CPU
		{B571CA6C-4E46-4422-9A7F-F0E353CCCBBB}.Release|Any CPU.Build.0 = Release|Any CPU
	EndGlobalSection
	GlobalSection(SolutionProperties) = preSolution
		HideSolutionNode = FALSE
	EndGlobalSection
	GlobalSection(ExtensibilityGlobals) = postSolution
		SolutionGuid = {F3F2A1FC-CA40-4FA3-900F-DA43888B3EA3}
	EndGlobalSection
EndGlobal
